
Microsoft Visual Studio Solution File, Format Version 12.00
# Visual Studio Version 17
VisualStudioVersion = 17.8.34525.116
MinimumVisualStudioVersion = 10.0.40219.1
Project("{9A19103F-16F7-4668-BE54-9A1E7A4F7556}") = "VolunteerHub.DataAccessLayer", "VolunteerHub.DataAccessLayer\VolunteerHub.DataAccessLayer.csproj", "{83566EC1-E19F-4782-B70B-6A3EF8224F8E}"
EndProject
Project("{9A19103F-16F7-4668-BE54-9A1E7A4F7556}") = "VolunteerHub.DataModels", "VolunteerHub.DataModels\VolunteerHub.DataModels.csproj", "{D199C76D-D21A-4572-B1BE-A4706052E53F}"
EndProject
Project("{9A19103F-16F7-4668-BE54-9A1E7A4F7556}") = "VolunteerHub.Backend", "VolunteerHub.Backend\VolunteerHub.Backend.csproj", "{151B91D9-F1CF-449F-B81D-FCE730727349}"
EndProject
Project("{FAE04EC0-301F-11D3-BF4B-00C04F79EFBC}") = "VolunteerHub.BackendTests", "VolunteerHub.BackendTests\VolunteerHub.BackendTests.csproj", "{B83A7D0B-3E31-4E28-8BDE-AEC7BC368418}"
EndProject
Global
	GlobalSection(SolutionConfigurationPlatforms) = preSolution
		Debug|Any CPU = Debug|Any CPU
		Release|Any CPU = Release|Any CPU
	EndGlobalSection
	GlobalSection(ProjectConfigurationPlatforms) = postSolution
		{83566EC1-E19F-4782-B70B-6A3EF8224F8E}.Debug|Any CPU.ActiveCfg = Debug|Any CPU
		{83566EC1-E19F-4782-B70B-6A3EF8224F8E}.Debug|Any CPU.Build.0 = Debug|Any CPU
		{83566EC1-E19F-4782-B70B-6A3EF8224F8E}.Release|Any CPU.ActiveCfg = Release|Any CPU
		{83566EC1-E19F-4782-B70B-6A3EF8224F8E}.Release|Any CPU.Build.0 = Release|Any CPU
		{D199C76D-D21A-4572-B1BE-A4706052E53F}.Debug|Any CPU.ActiveCfg = Debug|Any CPU
		{D199C76D-D21A-4572-B1BE-A4706052E53F}.Debug|Any CPU.Build.0 = Debug|Any CPU
		{D199C76D-D21A-4572-B1BE-A4706052E53F}.Release|Any CPU.ActiveCfg = Release|Any CPU
		{D199C76D-D21A-4572-B1BE-A4706052E53F}.Release|Any CPU.Build.0 = Release|Any CPU
		{151B91D9-F1CF-449F-B81D-FCE730727349}.Debug|Any CPU.ActiveCfg = Debug|Any CPU
		{151B91D9-F1CF-449F-B81D-FCE730727349}.Debug|Any CPU.Build.0 = Debug|Any CPU
		{151B91D9-F1CF-449F-B81D-FCE730727349}.Release|Any CPU.ActiveCfg = Release|Any CPU
		{151B91D9-F1CF-449F-B81D-FCE730727349}.Release|Any CPU.Build.0 = Release|Any CPU
		{B83A7D0B-3E31-4E28-8BDE-AEC7BC368418}.Debug|Any CPU.ActiveCfg = Debug|Any CPU
		{B83A7D0B-3E31-4E28-8BDE-AEC7BC368418}.Debug|Any CPU.Build.0 = Debug|Any CPU
		{B83A7D0B-3E31-4E28-8BDE-AEC7BC368418}.Release|Any CPU.ActiveCfg = Release|Any CPU
		{B83A7D0B-3E31-4E28-8BDE-AEC7BC368418}.Release|Any CPU.Build.0 = Release|Any CPU
	EndGlobalSection
	GlobalSection(SolutionProperties) = preSolution
		HideSolutionNode = FALSE
	EndGlobalSection
	GlobalSection(ExtensibilityGlobals) = postSolution
		SolutionGuid = {E3EFBF0A-E7A7-4C61-9B87-A73D3B86AA0E}
	EndGlobalSection
EndGlobal
